
Microsoft Visual Studio Solution File, Format Version 12.00
# Visual Studio Version 17
VisualStudioVersion = 17.7.34024.191
MinimumVisualStudioVersion = 10.0.40219.1
Project("{FAE04EC0-301F-11D3-BF4B-00C04F79EFBC}") = "Names", "Names.csproj", "{4B109E7C-61E2-4263-89B4-E45758A4FC43}"
EndProject
Global
	GlobalSection(SolutionConfigurationPlatforms) = preSolution
		Debug|Any CPU = Debug|Any CPU
		Release|Any CPU = Release|Any CPU
	EndGlobalSection
	GlobalSection(ProjectConfigurationPlatforms) = postSolution
		{4B109E7C-61E2-4263-89B4-E45758A4FC43}.Debug|Any CPU.ActiveCfg = Debug|Any CPU
		{4B109E7C-61E2-4263-89B4-E45758A4FC43}.Debug|Any CPU.Build.0 = Debug|Any CPU
		{4B109E7C-61E2-4263-89B4-E45758A4FC43}.Release|Any CPU.ActiveCfg = Release|Any CPU
		{4B109E7C-61E2-4263-89B4-E45758A4FC43}.Release|Any CPU.Build.0 = Release|Any CPU
	EndGlobalSection
	GlobalSection(SolutionProperties) = preSolution
		HideSolutionNode = FALSE
	EndGlobalSection
	GlobalSection(ExtensibilityGlobals) = postSolution
		SolutionGuid = {887E8F79-2D68-423F-A371-0AE844F3C2DA}
	EndGlobalSection
EndGlobal
